
Microsoft Visual Studio Solution File, Format Version 12.00
# Visual Studio Version 18
VisualStudioVersion = 18.3.11520.95 d18.3
MinimumVisualStudioVersion = 10.0.40219.1
Project("{FAE04EC0-301F-11D3-BF4B-00C04F79EFBC}") = "BlazorClaw.Server", "BlazorClaw.Server\BlazorClaw.Server.csproj", "{EBE2DA1E-4447-48B3-8031-E9B88A620987}"
EndProject
Project("{FAE04EC0-301F-11D3-BF4B-00C04F79EFBC}") = "BlazorClaw.Core", "BlazorClaw.Core\BlazorClaw.Core.csproj", "{CDC3A898-17FD-EC04-3F79-56064E63D45F}"
EndProject
Project("{FAE04EC0-301F-11D3-BF4B-00C04F79EFBC}") = "BlazorClaw.Channels", "BlazorClaw.Channels\BlazorClaw.Channels.csproj", "{5D276701-A45C-4A1D-9D36-6A59A426EEEE}"
EndProject
Project("{FAE04EC0-301F-11D3-BF4B-00C04F79EFBC}") = "BlazorClaw.UI", "BlazorClaw.UI\BlazorClaw.UI.csproj", "{3E8D8753-468F-4AE0-BE08-06520AD73E1C}"
EndProject
Global
	GlobalSection(SolutionConfigurationPlatforms) = preSolution
		Debug|Any CPU = Debug|Any CPU
		Release|Any CPU = Release|Any CPU
	EndGlobalSection
	GlobalSection(ProjectConfigurationPlatforms) = postSolution
		{EBE2DA1E-4447-48B3-8031-E9B88A620987}.Debug|Any CPU.ActiveCfg = Debug|Any CPU
		{EBE2DA1E-4447-48B3-8031-E9B88A620987}.Debug|Any CPU.Build.0 = Debug|Any CPU
		{EBE2DA1E-4447-48B3-8031-E9B88A620987}.Release|Any CPU.ActiveCfg = Release|Any CPU
		{EBE2DA1E-4447-48B3-8031-E9B88A620987}.Release|Any CPU.Build.0 = Release|Any CPU
		{CDC3A898-17FD-EC04-3F79-56064E63D45F}.Debug|Any CPU.ActiveCfg = Debug|Any CPU
		{CDC3A898-17FD-EC04-3F79-56064E63D45F}.Debug|Any CPU.Build.0 = Debug|Any CPU
		{CDC3A898-17FD-EC04-3F79-56064E63D45F}.Release|Any CPU.ActiveCfg = Release|Any CPU
		{CDC3A898-17FD-EC04-3F79-56064E63D45F}.Release|Any CPU.Build.0 = Release|Any CPU
		{5D276701-A45C-4A1D-9D36-6A59A426EEEE}.Debug|Any CPU.ActiveCfg = Debug|Any CPU
		{5D276701-A45C-4A1D-9D36-6A59A426EEEE}.Debug|Any CPU.Build.0 = Debug|Any CPU
		{5D276701-A45C-4A1D-9D36-6A59A426EEEE}.Release|Any CPU.ActiveCfg = Release|Any CPU
		{5D276701-A45C-4A1D-9D36-6A59A426EEEE}.Release|Any CPU.Build.0 = Release|Any CPU
		{3E8D8753-468F-4AE0-BE08-06520AD73E1C}.Debug|Any CPU.ActiveCfg = Debug|Any CPU
		{3E8D8753-468F-4AE0-BE08-06520AD73E1C}.Debug|Any CPU.Build.0 = Debug|Any CPU
		{3E8D8753-468F-4AE0-BE08-06520AD73E1C}.Release|Any CPU.ActiveCfg = Release|Any CPU
		{3E8D8753-468F-4AE0-BE08-06520AD73E1C}.Release|Any CPU.Build.0 = Release|Any CPU
	EndGlobalSection
	GlobalSection(SolutionProperties) = preSolution
		HideSolutionNode = FALSE
	EndGlobalSection
	GlobalSection(ExtensibilityGlobals) = postSolution
		SolutionGuid = {650EA9F4-8DC7-4EC3-A58F-82FB4127150B}
	EndGlobalSection
EndGlobal
